
Microsoft Visual Studio Solution File, Format Version 10.00
# Visual Studio 2008
Project("{FAE04EC0-301F-11D3-BF4B-00C04F79EFBC}") = "DemoSingle2", "DemoSingle2\DemoSingle2.csproj", "{ABE00581-0E33-4E4A-9363-5E3B944F73DC}"
EndProject
Global
	GlobalSection(SolutionConfigurationPlatforms) = preSolution
		Debug|Any CPU = Debug|Any CPU
		Release|Any CPU = Release|Any CPU
	EndGlobalSection
	GlobalSection(ProjectConfigurationPlatforms) = postSolution
		{ABE00581-0E33-4E4A-9363-5E3B944F73DC}.Debug|Any CPU.ActiveCfg = Debug|Any CPU
		{ABE00581-0E33-4E4A-9363-5E3B944F73DC}.Debug|Any CPU.Build.0 = Debug|Any CPU
		{ABE00581-0E33-4E4A-9363-5E3B944F73DC}.Release|Any CPU.ActiveCfg = Release|Any CPU
		{ABE00581-0E33-4E4A-9363-5E3B944F73DC}.Release|Any CPU.Build.0 = Release|Any CPU
	EndGlobalSection
	GlobalSection(SolutionProperties) = preSolution
		HideSolutionNode = FALSE
	EndGlobalSection
EndGlobal
