
Microsoft Visual Studio Solution File, Format Version 10.00
# Visual Studio 2008
Project("{FAE04EC0-301F-11D3-BF4B-00C04F79EFBC}") = "DemoXReplaceAll", "DemoXReplaceAll\DemoXReplaceAll.csproj", "{F4FD23FB-9272-4375-9F83-45324DF13386}"
EndProject
Global
	GlobalSection(SolutionConfigurationPlatforms) = preSolution
		Debug|Any CPU = Debug|Any CPU
		Release|Any CPU = Release|Any CPU
	EndGlobalSection
	GlobalSection(ProjectConfigurationPlatforms) = postSolution
		{F4FD23FB-9272-4375-9F83-45324DF13386}.Debug|Any CPU.ActiveCfg = Debug|Any CPU
		{F4FD23FB-9272-4375-9F83-45324DF13386}.Debug|Any CPU.Build.0 = Debug|Any CPU
		{F4FD23FB-9272-4375-9F83-45324DF13386}.Release|Any CPU.ActiveCfg = Release|Any CPU
		{F4FD23FB-9272-4375-9F83-45324DF13386}.Release|Any CPU.Build.0 = Release|Any CPU
	EndGlobalSection
	GlobalSection(SolutionProperties) = preSolution
		HideSolutionNode = FALSE
	EndGlobalSection
EndGlobal
