
Microsoft Visual Studio Solution File, Format Version 10.00
# Visual Studio 2008
Project("{FAE04EC0-301F-11D3-BF4B-00C04F79EFBC}") = "DemoGetChangeSet", "DemoGetChangeSet\DemoGetChangeSet.csproj", "{B7157D3C-DB08-4C41-8817-6F0392EDCABA}"
EndProject
Global
	GlobalSection(SolutionConfigurationPlatforms) = preSolution
		Debug|Any CPU = Debug|Any CPU
		Release|Any CPU = Release|Any CPU
	EndGlobalSection
	GlobalSection(ProjectConfigurationPlatforms) = postSolution
		{B7157D3C-DB08-4C41-8817-6F0392EDCABA}.Debug|Any CPU.ActiveCfg = Debug|Any CPU
		{B7157D3C-DB08-4C41-8817-6F0392EDCABA}.Debug|Any CPU.Build.0 = Debug|Any CPU
		{B7157D3C-DB08-4C41-8817-6F0392EDCABA}.Release|Any CPU.ActiveCfg = Release|Any CPU
		{B7157D3C-DB08-4C41-8817-6F0392EDCABA}.Release|Any CPU.Build.0 = Release|Any CPU
	EndGlobalSection
	GlobalSection(SolutionProperties) = preSolution
		HideSolutionNode = FALSE
	EndGlobalSection
EndGlobal
