
Microsoft Visual Studio Solution File, Format Version 10.00
# Visual Studio 2008
Project("{FAE04EC0-301F-11D3-BF4B-00C04F79EFBC}") = "DemoXRemove", "DemoXRemove\DemoXRemove.csproj", "{93AAE0DD-A677-46E8-8254-6ADD66F7310F}"
EndProject
Global
	GlobalSection(SolutionConfigurationPlatforms) = preSolution
		Debug|Any CPU = Debug|Any CPU
		Release|Any CPU = Release|Any CPU
	EndGlobalSection
	GlobalSection(ProjectConfigurationPlatforms) = postSolution
		{93AAE0DD-A677-46E8-8254-6ADD66F7310F}.Debug|Any CPU.ActiveCfg = Debug|Any CPU
		{93AAE0DD-A677-46E8-8254-6ADD66F7310F}.Debug|Any CPU.Build.0 = Debug|Any CPU
		{93AAE0DD-A677-46E8-8254-6ADD66F7310F}.Release|Any CPU.ActiveCfg = Release|Any CPU
		{93AAE0DD-A677-46E8-8254-6ADD66F7310F}.Release|Any CPU.Build.0 = Release|Any CPU
	EndGlobalSection
	GlobalSection(SolutionProperties) = preSolution
		HideSolutionNode = FALSE
	EndGlobalSection
EndGlobal
