
Microsoft Visual Studio Solution File, Format Version 10.00
# Visual Studio 2008
Project("{FAE04EC0-301F-11D3-BF4B-00C04F79EFBC}") = "DemoSort2", "DemoSort2\DemoSort2.csproj", "{974B32A0-17BB-42BF-9C47-EFCFD2A7B4A4}"
EndProject
Global
	GlobalSection(SolutionConfigurationPlatforms) = preSolution
		Debug|Any CPU = Debug|Any CPU
		Release|Any CPU = Release|Any CPU
	EndGlobalSection
	GlobalSection(ProjectConfigurationPlatforms) = postSolution
		{974B32A0-17BB-42BF-9C47-EFCFD2A7B4A4}.Debug|Any CPU.ActiveCfg = Debug|Any CPU
		{974B32A0-17BB-42BF-9C47-EFCFD2A7B4A4}.Debug|Any CPU.Build.0 = Debug|Any CPU
		{974B32A0-17BB-42BF-9C47-EFCFD2A7B4A4}.Release|Any CPU.ActiveCfg = Release|Any CPU
		{974B32A0-17BB-42BF-9C47-EFCFD2A7B4A4}.Release|Any CPU.Build.0 = Release|Any CPU
	EndGlobalSection
	GlobalSection(SolutionProperties) = preSolution
		HideSolutionNode = FALSE
	EndGlobalSection
EndGlobal
