
Microsoft Visual Studio Solution File, Format Version 10.00
# Visual Studio 2008
Project("{FAE04EC0-301F-11D3-BF4B-00C04F79EFBC}") = "DemoWhere1", "DemoWhere1\DemoWhere1.csproj", "{B5380735-C856-431D-8FC8-C15D390EDCA3}"
EndProject
Global
	GlobalSection(SolutionConfigurationPlatforms) = preSolution
		Debug|Any CPU = Debug|Any CPU
		Release|Any CPU = Release|Any CPU
	EndGlobalSection
	GlobalSection(ProjectConfigurationPlatforms) = postSolution
		{B5380735-C856-431D-8FC8-C15D390EDCA3}.Debug|Any CPU.ActiveCfg = Debug|Any CPU
		{B5380735-C856-431D-8FC8-C15D390EDCA3}.Debug|Any CPU.Build.0 = Debug|Any CPU
		{B5380735-C856-431D-8FC8-C15D390EDCA3}.Release|Any CPU.ActiveCfg = Release|Any CPU
		{B5380735-C856-431D-8FC8-C15D390EDCA3}.Release|Any CPU.Build.0 = Release|Any CPU
	EndGlobalSection
	GlobalSection(SolutionProperties) = preSolution
		HideSolutionNode = FALSE
	EndGlobalSection
EndGlobal
