
Microsoft Visual Studio Solution File, Format Version 10.00
# Visual Studio 2008
Project("{FAE04EC0-301F-11D3-BF4B-00C04F79EFBC}") = "DemoDefaultIfEmpty", "DemoDefaultIfEmpty\DemoDefaultIfEmpty.csproj", "{C77029FA-26EE-40A6-952C-6DA0BB894AAA}"
EndProject
Global
	GlobalSection(SolutionConfigurationPlatforms) = preSolution
		Debug|Any CPU = Debug|Any CPU
		Release|Any CPU = Release|Any CPU
	EndGlobalSection
	GlobalSection(ProjectConfigurationPlatforms) = postSolution
		{C77029FA-26EE-40A6-952C-6DA0BB894AAA}.Debug|Any CPU.ActiveCfg = Debug|Any CPU
		{C77029FA-26EE-40A6-952C-6DA0BB894AAA}.Debug|Any CPU.Build.0 = Debug|Any CPU
		{C77029FA-26EE-40A6-952C-6DA0BB894AAA}.Release|Any CPU.ActiveCfg = Release|Any CPU
		{C77029FA-26EE-40A6-952C-6DA0BB894AAA}.Release|Any CPU.Build.0 = Release|Any CPU
	EndGlobalSection
	GlobalSection(SolutionProperties) = preSolution
		HideSolutionNode = FALSE
	EndGlobalSection
EndGlobal
