
Microsoft Visual Studio Solution File, Format Version 10.00
# Visual Studio 2008
Project("{FAE04EC0-301F-11D3-BF4B-00C04F79EFBC}") = "DemoToArray", "DemoToArray\DemoToArray.csproj", "{5999461B-190D-493A-BA6A-9CA2456C6206}"
EndProject
Global
	GlobalSection(SolutionConfigurationPlatforms) = preSolution
		Debug|Any CPU = Debug|Any CPU
		Release|Any CPU = Release|Any CPU
	EndGlobalSection
	GlobalSection(ProjectConfigurationPlatforms) = postSolution
		{5999461B-190D-493A-BA6A-9CA2456C6206}.Debug|Any CPU.ActiveCfg = Debug|Any CPU
		{5999461B-190D-493A-BA6A-9CA2456C6206}.Debug|Any CPU.Build.0 = Debug|Any CPU
		{5999461B-190D-493A-BA6A-9CA2456C6206}.Release|Any CPU.ActiveCfg = Release|Any CPU
		{5999461B-190D-493A-BA6A-9CA2456C6206}.Release|Any CPU.Build.0 = Release|Any CPU
	EndGlobalSection
	GlobalSection(SolutionProperties) = preSolution
		HideSolutionNode = FALSE
	EndGlobalSection
EndGlobal
