
Microsoft Visual Studio Solution File, Format Version 10.00
# Visual Studio 2008
Project("{FAE04EC0-301F-11D3-BF4B-00C04F79EFBC}") = "DemoTransforming2", "DemoTransforming2\DemoTransforming2.csproj", "{17C243B5-F608-4896-B430-22B4683E0136}"
EndProject
Global
	GlobalSection(SolutionConfigurationPlatforms) = preSolution
		Debug|Any CPU = Debug|Any CPU
		Release|Any CPU = Release|Any CPU
	EndGlobalSection
	GlobalSection(ProjectConfigurationPlatforms) = postSolution
		{17C243B5-F608-4896-B430-22B4683E0136}.Debug|Any CPU.ActiveCfg = Debug|Any CPU
		{17C243B5-F608-4896-B430-22B4683E0136}.Debug|Any CPU.Build.0 = Debug|Any CPU
		{17C243B5-F608-4896-B430-22B4683E0136}.Release|Any CPU.ActiveCfg = Release|Any CPU
		{17C243B5-F608-4896-B430-22B4683E0136}.Release|Any CPU.Build.0 = Release|Any CPU
	EndGlobalSection
	GlobalSection(SolutionProperties) = preSolution
		HideSolutionNode = FALSE
	EndGlobalSection
EndGlobal
