
Microsoft Visual Studio Solution File, Format Version 10.00
# Visual Studio 2008
Project("{FAE04EC0-301F-11D3-BF4B-00C04F79EFBC}") = "DemoRemove", "DemoRemove\DemoRemove.csproj", "{47C3B3CB-B3A4-4695-84C3-79F5F665B7DE}"
EndProject
Global
	GlobalSection(SolutionConfigurationPlatforms) = preSolution
		Debug|Any CPU = Debug|Any CPU
		Release|Any CPU = Release|Any CPU
	EndGlobalSection
	GlobalSection(ProjectConfigurationPlatforms) = postSolution
		{47C3B3CB-B3A4-4695-84C3-79F5F665B7DE}.Debug|Any CPU.ActiveCfg = Debug|Any CPU
		{47C3B3CB-B3A4-4695-84C3-79F5F665B7DE}.Debug|Any CPU.Build.0 = Debug|Any CPU
		{47C3B3CB-B3A4-4695-84C3-79F5F665B7DE}.Release|Any CPU.ActiveCfg = Release|Any CPU
		{47C3B3CB-B3A4-4695-84C3-79F5F665B7DE}.Release|Any CPU.Build.0 = Release|Any CPU
	EndGlobalSection
	GlobalSection(SolutionProperties) = preSolution
		HideSolutionNode = FALSE
	EndGlobalSection
EndGlobal
