
Microsoft Visual Studio Solution File, Format Version 10.00
# Visual Studio 2008
Project("{FAE04EC0-301F-11D3-BF4B-00C04F79EFBC}") = "DemoXDocumentType", "DemoXDocumentType\DemoXDocumentType.csproj", "{279216EA-CE72-4B50-9589-1F385D3681E5}"
EndProject
Global
	GlobalSection(SolutionConfigurationPlatforms) = preSolution
		Debug|Any CPU = Debug|Any CPU
		Release|Any CPU = Release|Any CPU
	EndGlobalSection
	GlobalSection(ProjectConfigurationPlatforms) = postSolution
		{279216EA-CE72-4B50-9589-1F385D3681E5}.Debug|Any CPU.ActiveCfg = Debug|Any CPU
		{279216EA-CE72-4B50-9589-1F385D3681E5}.Debug|Any CPU.Build.0 = Debug|Any CPU
		{279216EA-CE72-4B50-9589-1F385D3681E5}.Release|Any CPU.ActiveCfg = Release|Any CPU
		{279216EA-CE72-4B50-9589-1F385D3681E5}.Release|Any CPU.Build.0 = Release|Any CPU
	EndGlobalSection
	GlobalSection(SolutionProperties) = preSolution
		HideSolutionNode = FALSE
	EndGlobalSection
EndGlobal
