
Microsoft Visual Studio Solution File, Format Version 10.00
# Visual Studio 2008
Project("{FAE04EC0-301F-11D3-BF4B-00C04F79EFBC}") = "DemoFirst2", "DemoFirst2\DemoFirst2.csproj", "{CCF6AA98-09AA-4319-9929-F63F1A8A3ABE}"
EndProject
Global
	GlobalSection(SolutionConfigurationPlatforms) = preSolution
		Debug|Any CPU = Debug|Any CPU
		Release|Any CPU = Release|Any CPU
	EndGlobalSection
	GlobalSection(ProjectConfigurationPlatforms) = postSolution
		{CCF6AA98-09AA-4319-9929-F63F1A8A3ABE}.Debug|Any CPU.ActiveCfg = Debug|Any CPU
		{CCF6AA98-09AA-4319-9929-F63F1A8A3ABE}.Debug|Any CPU.Build.0 = Debug|Any CPU
		{CCF6AA98-09AA-4319-9929-F63F1A8A3ABE}.Release|Any CPU.ActiveCfg = Release|Any CPU
		{CCF6AA98-09AA-4319-9929-F63F1A8A3ABE}.Release|Any CPU.Build.0 = Release|Any CPU
	EndGlobalSection
	GlobalSection(SolutionProperties) = preSolution
		HideSolutionNode = FALSE
	EndGlobalSection
EndGlobal
