
Microsoft Visual Studio Solution File, Format Version 10.00
# Visual Studio 2008
Project("{FAE04EC0-301F-11D3-BF4B-00C04F79EFBC}") = "DemoTranslate3", "DemoTranslate3\DemoTranslate3.csproj", "{A95ED3C0-3697-44DD-BE76-4D9D1E9DDD05}"
EndProject
Global
	GlobalSection(SolutionConfigurationPlatforms) = preSolution
		Debug|Any CPU = Debug|Any CPU
		Release|Any CPU = Release|Any CPU
	EndGlobalSection
	GlobalSection(ProjectConfigurationPlatforms) = postSolution
		{A95ED3C0-3697-44DD-BE76-4D9D1E9DDD05}.Debug|Any CPU.ActiveCfg = Debug|Any CPU
		{A95ED3C0-3697-44DD-BE76-4D9D1E9DDD05}.Debug|Any CPU.Build.0 = Debug|Any CPU
		{A95ED3C0-3697-44DD-BE76-4D9D1E9DDD05}.Release|Any CPU.ActiveCfg = Release|Any CPU
		{A95ED3C0-3697-44DD-BE76-4D9D1E9DDD05}.Release|Any CPU.Build.0 = Release|Any CPU
	EndGlobalSection
	GlobalSection(SolutionProperties) = preSolution
		HideSolutionNode = FALSE
	EndGlobalSection
EndGlobal
