
Microsoft Visual Studio Solution File, Format Version 10.00
# Visual Studio 2008
Project("{FAE04EC0-301F-11D3-BF4B-00C04F79EFBC}") = "DemoXElement1", "DemoXElement1\DemoXElement1.csproj", "{A36DBFFD-A7C4-42A5-BF8A-52F2AA24D057}"
EndProject
Global
	GlobalSection(SolutionConfigurationPlatforms) = preSolution
		Debug|Any CPU = Debug|Any CPU
		Release|Any CPU = Release|Any CPU
	EndGlobalSection
	GlobalSection(ProjectConfigurationPlatforms) = postSolution
		{A36DBFFD-A7C4-42A5-BF8A-52F2AA24D057}.Debug|Any CPU.ActiveCfg = Debug|Any CPU
		{A36DBFFD-A7C4-42A5-BF8A-52F2AA24D057}.Debug|Any CPU.Build.0 = Debug|Any CPU
		{A36DBFFD-A7C4-42A5-BF8A-52F2AA24D057}.Release|Any CPU.ActiveCfg = Release|Any CPU
		{A36DBFFD-A7C4-42A5-BF8A-52F2AA24D057}.Release|Any CPU.Build.0 = Release|Any CPU
	EndGlobalSection
	GlobalSection(SolutionProperties) = preSolution
		HideSolutionNode = FALSE
	EndGlobalSection
EndGlobal
