
Microsoft Visual Studio Solution File, Format Version 10.00
# Visual Studio 2008
Project("{FAE04EC0-301F-11D3-BF4B-00C04F79EFBC}") = "DemoAll", "DemoAll\DemoAll.csproj", "{72D30C17-5F16-4440-BB79-CC3F54474505}"
EndProject
Global
	GlobalSection(SolutionConfigurationPlatforms) = preSolution
		Debug|Any CPU = Debug|Any CPU
		Release|Any CPU = Release|Any CPU
	EndGlobalSection
	GlobalSection(ProjectConfigurationPlatforms) = postSolution
		{72D30C17-5F16-4440-BB79-CC3F54474505}.Debug|Any CPU.ActiveCfg = Debug|Any CPU
		{72D30C17-5F16-4440-BB79-CC3F54474505}.Debug|Any CPU.Build.0 = Debug|Any CPU
		{72D30C17-5F16-4440-BB79-CC3F54474505}.Release|Any CPU.ActiveCfg = Release|Any CPU
		{72D30C17-5F16-4440-BB79-CC3F54474505}.Release|Any CPU.Build.0 = Release|Any CPU
	EndGlobalSection
	GlobalSection(SolutionProperties) = preSolution
		HideSolutionNode = FALSE
	EndGlobalSection
EndGlobal
